github.com/gethinode/hinode/v2 v2.8.4 h1:7dEl3w84IdIVf7Vr0Xr0hGtMxyJnPLIVVRjVpUVTMaQ=
github.com/gethinode/hinode/v2 v2.8.4/go.mod h1:z9vsqVlEzyljgXOKSOuoHtE4x1Vmz9eB7o+QeE3kP0I=
github.com/gethinode/mod-llm v1.3.2 h1:+z7SB1eRt5imTPuW7IWK6P9XxJUPoqrwzBRXXHPUOBU=
github.com/gethinode/mod-llm v1.3.2/go.mod h1:Mpj7iPEHY4JxaqUbeWb0pJKcMj5MHVguQnFMT3Hk1q0=
